
Microsoft Visual Studio Solution File, Format Version 12.00
# Visual Studio Version 17
VisualStudioVersion = 17.2.32630.192
MinimumVisualStudioVersion = 10.0.40219.1
Project("{FAE04EC0-301F-11D3-BF4B-00C04F79EFBC}") = "PermissionManagement", "PermissionManagement.csproj", "{88F88D40-F69A-4A3C-8F17-75D61B113413}"
EndProject
Global
	GlobalSection(SolutionConfigurationPlatforms) = preSolution
		Debug|Any CPU = Debug|Any CPU
		Release|Any CPU = Release|Any CPU
	EndGlobalSection
	GlobalSection(ProjectConfigurationPlatforms) = postSolution
		{88F88D40-F69A-4A3C-8F17-75D61B113413}.Debug|Any CPU.ActiveCfg = Debug|Any CPU
		{88F88D40-F69A-4A3C-8F17-75D61B113413}.Debug|Any CPU.Build.0 = Debug|Any CPU
		{88F88D40-F69A-4A3C-8F17-75D61B113413}.Release|Any CPU.ActiveCfg = Release|Any CPU
		{88F88D40-F69A-4A3C-8F17-75D61B113413}.Release|Any CPU.Build.0 = Release|Any CPU
	EndGlobalSection
	GlobalSection(SolutionProperties) = preSolution
		HideSolutionNode = FALSE
	EndGlobalSection
	GlobalSection(ExtensibilityGlobals) = postSolution
		SolutionGuid = {C24D0AF3-D8BF-4579-BD5D-3B67C9D86CDE}
	EndGlobalSection
EndGlobal
